// !$*UTF8*$!
{
	archiveVersion = 1;
	classes = {
	};
	objectVersion = 50;
	objects = {

/* Begin PBXBuildFile section */
		C61304E56792B8B800622D3B /* Pods_AmericasVision.framework in Frameworks */ = {isa = PBXBuildFile; fileRef = 812CD0268CBC06E0044E0603 /* Pods_AmericasVision.framework */; };
		D408D2E2209E425B008DD80A /* MusicViewCell.swift in Sources */ = {isa = PBXBuildFile; fileRef = D408D2E1209E425B008DD80A /* MusicViewCell.swift */; };
		D408D2E4209E706F008DD80A /* MarketPlaceCollectionViewController.swift in Sources */ = {isa = PBXBuildFile; fileRef = D408D2E3209E706F008DD80A /* MarketPlaceCollectionViewController.swift */; };
		D408D2E6209E71E3008DD80A /* VotesCollectionViewController.swift in Sources */ = {isa = PBXBuildFile; fileRef = D408D2E5209E71E3008DD80A /* VotesCollectionViewController.swift */; };
		D408D2EA209E8622008DD80A /* ChatPrivateViewController.swift in Sources */ = {isa = PBXBuildFile; fileRef = D408D2E9209E8622008DD80A /* ChatPrivateViewController.swift */; };
		D408D2EE209E8831008DD80A /* MusicByTrackTableViewController.swift in Sources */ = {isa = PBXBuildFile; fileRef = D408D2ED209E8831008DD80A /* MusicByTrackTableViewController.swift */; };
		D408D2F2209E903D008DD80A /* MyProfileViewController.swift in Sources */ = {isa = PBXBuildFile; fileRef = D408D2F1209E903D008DD80A /* MyProfileViewController.swift */; };
		D46390FB207036F300C4E3DA /* AppDelegate.swift in Sources */ = {isa = PBXBuildFile; fileRef = D46390FA207036F300C4E3DA /* AppDelegate.swift */; };
		D4639102207036F300C4E3DA /* Assets.xcassets in Resources */ = {isa = PBXBuildFile; fileRef = D4639101207036F300C4E3DA /* Assets.xcassets */; };
		D4639105207036F300C4E3DA /* LaunchScreen.storyboard in Resources */ = {isa = PBXBuildFile; fileRef = D4639103207036F300C4E3DA /* LaunchScreen.storyboard */; };
		D463910D2070377100C4E3DA /* AV.storyboard in Resources */ = {isa = PBXBuildFile; fileRef = D463910C2070377100C4E3DA /* AV.storyboard */; };
		D463910F207037CB00C4E3DA /* SignInViewController.swift in Sources */ = {isa = PBXBuildFile; fileRef = D463910E207037CB00C4E3DA /* SignInViewController.swift */; };
		D4639111207041D400C4E3DA /* SignUpViewController.swift in Sources */ = {isa = PBXBuildFile; fileRef = D4639110207041D400C4E3DA /* SignUpViewController.swift */; };
		D465157F20ABA8B30075A59C /* NewsDetailedViewController.swift in Sources */ = {isa = PBXBuildFile; fileRef = D465157E20ABA8B30075A59C /* NewsDetailedViewController.swift */; };
		D4761EAE207193E90065ACD7 /* GoogleService-Info.plist in Resources */ = {isa = PBXBuildFile; fileRef = D4761EAD207193E90065ACD7 /* GoogleService-Info.plist */; };
		D4FA49DE207994C300CC425B /* SWRevealViewController.m in Sources */ = {isa = PBXBuildFile; fileRef = D4FA49DD207994C300CC425B /* SWRevealViewController.m */; };
		D4FA49EE207AF0EC00CC425B /* ProfileMenuViewController.swift in Sources */ = {isa = PBXBuildFile; fileRef = D4FA49ED207AF0EC00CC425B /* ProfileMenuViewController.swift */; };
		D4FA49F0207AF45500CC425B /* ProfileMenuTableViewCell.swift in Sources */ = {isa = PBXBuildFile; fileRef = D4FA49EF207AF45500CC425B /* ProfileMenuTableViewCell.swift */; };
		D4FA49F2207C5B3C00CC425B /* AVAuthService.swift in Sources */ = {isa = PBXBuildFile; fileRef = D4FA49F1207C5B3C00CC425B /* AVAuthService.swift */; };
		D4FA49F4207C6EA200CC425B /* PropertyConfig.swift in Sources */ = {isa = PBXBuildFile; fileRef = D4FA49F3207C6EA200CC425B /* PropertyConfig.swift */; };
		D4FA49F8207D0D7D00CC425B /* ProgressHUD.m in Sources */ = {isa = PBXBuildFile; fileRef = D4FA49F5207D0D7C00CC425B /* ProgressHUD.m */; };
		D4FA49F9207D0D7D00CC425B /* ProgressHUD.bundle in Resources */ = {isa = PBXBuildFile; fileRef = D4FA49F6207D0D7C00CC425B /* ProgressHUD.bundle */; };
		D4FA49FF2082AD9F00CC425B /* NewsFeedAdminViewController.swift in Sources */ = {isa = PBXBuildFile; fileRef = D4FA49FE2082AD9F00CC425B /* NewsFeedAdminViewController.swift */; };
		D4FA4A022082FBF100CC425B /* Post.swift in Sources */ = {isa = PBXBuildFile; fileRef = D4FA4A012082FBF100CC425B /* Post.swift */; };
		D4FA4A082086D86700CC425B /* CurrentUserInfo.swift in Sources */ = {isa = PBXBuildFile; fileRef = D4FA4A072086D86700CC425B /* CurrentUserInfo.swift */; };
		D4FA4A0D208822BF00CC425B /* FBSDKLoginKit.framework in Frameworks */ = {isa = PBXBuildFile; fileRef = D4FA4A0A208822BF00CC425B /* FBSDKLoginKit.framework */; };
		D4FA4A0E208822BF00CC425B /* Bolts.framework in Frameworks */ = {isa = PBXBuildFile; fileRef = D4FA4A0B208822BF00CC425B /* Bolts.framework */; };
		D4FA4A0F208822BF00CC425B /* FBSDKCoreKit.framework in Frameworks */ = {isa = PBXBuildFile; fileRef = D4FA4A0C208822BF00CC425B /* FBSDKCoreKit.framework */; };
		DC04104C20B8A4D100085718 /* NewsEntertainmentViewController.swift in Sources */ = {isa = PBXBuildFile; fileRef = DC04104B20B8A4D100085718 /* NewsEntertainmentViewController.swift */; };
		DC04CDE0210D9AC600E70B6B /* CommonUtils.swift in Sources */ = {isa = PBXBuildFile; fileRef = DC04CDDF210D9AC600E70B6B /* CommonUtils.swift */; };
		DC0C6E032120468F000F284D /* NewsTableViewCell.swift in Sources */ = {isa = PBXBuildFile; fileRef = DC0C6E022120468F000F284D /* NewsTableViewCell.swift */; };
		DC0C6E0521204EC1000F284D /* NewsPoliticsViewController.swift in Sources */ = {isa = PBXBuildFile; fileRef = DC0C6E0421204EC1000F284D /* NewsPoliticsViewController.swift */; };
		DC0C6E07212070F4000F284D /* AVLabel.swift in Sources */ = {isa = PBXBuildFile; fileRef = DC0C6E06212070F4000F284D /* AVLabel.swift */; };
		DC0C6E092121E199000F284D /* NewsMiscellaneousViewcontroller.swift in Sources */ = {isa = PBXBuildFile; fileRef = DC0C6E082121E199000F284D /* NewsMiscellaneousViewcontroller.swift */; };
		DC0C6E0C2121EFA1000F284D /* NewsMatureViewController.swift in Sources */ = {isa = PBXBuildFile; fileRef = DC0C6E0B2121EFA1000F284D /* NewsMatureViewController.swift */; };
		DC1BB3AC2129CC7200AB3168 /* MusicAlbum.swift in Sources */ = {isa = PBXBuildFile; fileRef = DC1BB3AB2129CC7200AB3168 /* MusicAlbum.swift */; };
		DC1BB3AE212D4EA800AB3168 /* AVMusicPlayerController.swift in Sources */ = {isa = PBXBuildFile; fileRef = DC1BB3AD212D4EA800AB3168 /* AVMusicPlayerController.swift */; };
		DC1BB3B1212D795E00AB3168 /* test.mp3 in Resources */ = {isa = PBXBuildFile; fileRef = DC1BB3B0212D795E00AB3168 /* test.mp3 */; };
		DC2067552123378D003541F4 /* NewsSlideCollectionCell.swift in Sources */ = {isa = PBXBuildFile; fileRef = DC2067542123378D003541F4 /* NewsSlideCollectionCell.swift */; };
		DC33663F20B9BB2F002B8064 /* ChatTableViewCell.swift in Sources */ = {isa = PBXBuildFile; fileRef = DC33663E20B9BB2F002B8064 /* ChatTableViewCell.swift */; };
		DC33664120BC6EB0002B8064 /* MusicAlbumTracksCell.swift in Sources */ = {isa = PBXBuildFile; fileRef = DC33664020BC6EB0002B8064 /* MusicAlbumTracksCell.swift */; };
		DC33664320BF06C8002B8064 /* ImageCache.swift in Sources */ = {isa = PBXBuildFile; fileRef = DC33664220BF06C8002B8064 /* ImageCache.swift */; };
		DC33664720C5B092002B8064 /* MusicAdminViewController.swift in Sources */ = {isa = PBXBuildFile; fileRef = DC33664620C5B092002B8064 /* MusicAdminViewController.swift */; };
		DC46B8D620C7104400188EC9 /* ChatPublicViewController.swift in Sources */ = {isa = PBXBuildFile; fileRef = DC46B8D520C7104400188EC9 /* ChatPublicViewController.swift */; };
		DC4A12B1209F2BD7007C4755 /* MusicViewController.swift in Sources */ = {isa = PBXBuildFile; fileRef = DC4A12B0209F2BD7007C4755 /* MusicViewController.swift */; };
		DC69B9AB2208A0D400AE08ED /* ChatTabBarController.swift in Sources */ = {isa = PBXBuildFile; fileRef = DC69B9AA2208A0D400AE08ED /* ChatTabBarController.swift */; };
		DC6F3FF42109043D001795DF /* Charts.framework in Frameworks */ = {isa = PBXBuildFile; fileRef = DC6F3FF32109043D001795DF /* Charts.framework */; settings = {ATTRIBUTES = (Required, ); }; };
		DC7C017E21379FC600C6DE67 /* PostComment.swift in Sources */ = {isa = PBXBuildFile; fileRef = DC7C017D21379FC600C6DE67 /* PostComment.swift */; };
		DC7F1D9A20CD9E8C005CB41F /* PrivateMessageHandler.swift in Sources */ = {isa = PBXBuildFile; fileRef = DC7F1D9920CD9E8C005CB41F /* PrivateMessageHandler.swift */; };
		DC8317AE20B8ABEF00517AE9 /* UserDefaultsHelper.swift in Sources */ = {isa = PBXBuildFile; fileRef = DC8317AD20B8ABEF00517AE9 /* UserDefaultsHelper.swift */; };
		DC8317B020B8AC0F00517AE9 /* UserInfo.swift in Sources */ = {isa = PBXBuildFile; fileRef = DC8317AF20B8AC0F00517AE9 /* UserInfo.swift */; };
		DC8C89FA2112233700AE8E92 /* VoteAdminViewController.swift in Sources */ = {isa = PBXBuildFile; fileRef = DC8C89F92112233600AE8E92 /* VoteAdminViewController.swift */; };
		DC8C89FC21122DE900AE8E92 /* Opinion.swift in Sources */ = {isa = PBXBuildFile; fileRef = DC8C89FB21122DE900AE8E92 /* Opinion.swift */; };
		DC8C89FE21135C6300AE8E92 /* AVRadioButton.swift in Sources */ = {isa = PBXBuildFile; fileRef = DC8C89FD21135C6300AE8E92 /* AVRadioButton.swift */; };
		DC96CB262157774900A42052 /* MusicAlbumListController.swift in Sources */ = {isa = PBXBuildFile; fileRef = DC96CB252157774900A42052 /* MusicAlbumListController.swift */; };
		DC96CB2821577C6100A42052 /* MusicTrack.swift in Sources */ = {isa = PBXBuildFile; fileRef = DC96CB2721577C6100A42052 /* MusicTrack.swift */; };
		DC96CB2A21579C3500A42052 /* MusicFloatingPlayer.swift in Sources */ = {isa = PBXBuildFile; fileRef = DC96CB2921579C3500A42052 /* MusicFloatingPlayer.swift */; };
		DC96CB2C21580C9700A42052 /* Reachability.swift in Sources */ = {isa = PBXBuildFile; fileRef = DC96CB2B21580C9700A42052 /* Reachability.swift */; };
		DCBB0ACB2145660B008056A5 /* AVSettingsViewController.swift in Sources */ = {isa = PBXBuildFile; fileRef = DCBB0ACA2145660B008056A5 /* AVSettingsViewController.swift */; };
		DCBB0ACD215578E6008056A5 /* VotedUsersTableViewController.swift in Sources */ = {isa = PBXBuildFile; fileRef = DCBB0ACC215578E6008056A5 /* VotedUsersTableViewController.swift */; };
		DCBEBC3820A786EE00E8EAEA /* Constants.swift in Sources */ = {isa = PBXBuildFile; fileRef = DCBEBC3720A786ED00E8EAEA /* Constants.swift */; };
		DCBEBC3A20A7871900E8EAEA /* ChatContactsViewController.swift in Sources */ = {isa = PBXBuildFile; fileRef = DCBEBC3920A7871800E8EAEA /* ChatContactsViewController.swift */; };
		DCBEBC3C20A78BF200E8EAEA /* Contacts.swift in Sources */ = {isa = PBXBuildFile; fileRef = DCBEBC3B20A78BF200E8EAEA /* Contacts.swift */; };
		DCBEBC4120A78FCC00E8EAEA /* DBProvider.swift in Sources */ = {isa = PBXBuildFile; fileRef = DCBEBC4020A78FCC00E8EAEA /* DBProvider.swift */; };
		DCC76A9521036B88003FC4FC /* PublicMessageHandler.swift in Sources */ = {isa = PBXBuildFile; fileRef = DCC76A9421036B88003FC4FC /* PublicMessageHandler.swift */; };
		DCC8AEAE2168E53800A1C848 /* AVInfo.swift in Sources */ = {isa = PBXBuildFile; fileRef = DCC8AEAD2168E53800A1C848 /* AVInfo.swift */; };
		DCD10FB92142F868007A3779 /* AVCommonFields.swift in Sources */ = {isa = PBXBuildFile; fileRef = DCD10FB82142F868007A3779 /* AVCommonFields.swift */; };
		DCEBA7DD21326C45001555F6 /* MusicByAlbumCollectionViewController.swift in Sources */ = {isa = PBXBuildFile; fileRef = DCEBA7DC21326C45001555F6 /* MusicByAlbumCollectionViewController.swift */; };
		DCEE7F80215EC2D9007303B0 /* SettingsDetailedViewController.swift in Sources */ = {isa = PBXBuildFile; fileRef = DCEE7F7F215EC2D9007303B0 /* SettingsDetailedViewController.swift */; };
		DCF8AB2820B1137C0064FF72 /* SlideCollectionViewCell.swift in Sources */ = {isa = PBXBuildFile; fileRef = DCF8AB2720B1137C0064FF72 /* SlideCollectionViewCell.swift */; };
		DCF8AB2D20B1505F0064FF72 /* FeedsTableViewCell.swift in Sources */ = {isa = PBXBuildFile; fileRef = DCF8AB2C20B1505F0064FF72 /* FeedsTableViewCell.swift */; };
		DCF8AB2F20B1527E0064FF72 /* NewsSportsViewController.swift in Sources */ = {isa = PBXBuildFile; fileRef = DCF8AB2E20B1527E0064FF72 /* NewsSportsViewController.swift */; };
/* End PBXBuildFile section */

/* Begin PBXCopyFilesBuildPhase section */
		DC6F3FF821090454001795DF /* Embed Frameworks */ = {
			isa = PBXCopyFilesBuildPhase;
			buildActionMask = 2147483647;
			dstPath = "";
			dstSubfolderSpec = 10;
			files = (
			);
			name = "Embed Frameworks";
			runOnlyForDeploymentPostprocessing = 0;
		};
/* End PBXCopyFilesBuildPhase section */

/* Begin PBXFileReference section */
		70026634E6D636FAAB5C124C /* Pods-AmericasVision.release.xcconfig */ = {isa = PBXFileReference; includeInIndex = 1; lastKnownFileType = text.xcconfig; name = "Pods-AmericasVision.release.xcconfig"; path = "Pods/Target Support Files/Pods-AmericasVision/Pods-AmericasVision.release.xcconfig"; sourceTree = "<group>"; };
		812CD0268CBC06E0044E0603 /* Pods_AmericasVision.framework */ = {isa = PBXFileReference; explicitFileType = wrapper.framework; includeInIndex = 0; path = Pods_AmericasVision.framework; sourceTree = BUILT_PRODUCTS_DIR; };
		8CFB0380C16A0716129E9C7F /* Pods-AmericasVision.debug.xcconfig */ = {isa = PBXFileReference; includeInIndex = 1; lastKnownFileType = text.xcconfig; name = "Pods-AmericasVision.debug.xcconfig"; path = "Pods/Target Support Files/Pods-AmericasVision/Pods-AmericasVision.debug.xcconfig"; sourceTree = "<group>"; };
		D408D2E1209E425B008DD80A /* MusicViewCell.swift */ = {isa = PBXFileReference; lastKnownFileType = sourcecode.swift; path = MusicViewCell.swift; sourceTree = "<group>"; };
		D408D2E3209E706F008DD80A /* MarketPlaceCollectionViewController.swift */ = {isa = PBXFileReference; lastKnownFileType = sourcecode.swift; path = MarketPlaceCollectionViewController.swift; sourceTree = "<group>"; };
		D408D2E5209E71E3008DD80A /* VotesCollectionViewController.swift */ = {isa = PBXFileReference; lastKnownFileType = sourcecode.swift; path = VotesCollectionViewController.swift; sourceTree = "<group>"; };
		D408D2E9209E8622008DD80A /* ChatPrivateViewController.swift */ = {isa = PBXFileReference; lastKnownFileType = sourcecode.swift; path = ChatPrivateViewController.swift; sourceTree = "<group>"; };
		D408D2ED209E8831008DD80A /* MusicByTrackTableViewController.swift */ = {isa = PBXFileReference; lastKnownFileType = sourcecode.swift; path = MusicByTrackTableViewController.swift; sourceTree = "<group>"; };
		D408D2F1209E903D008DD80A /* MyProfileViewController.swift */ = {isa = PBXFileReference; lastKnownFileType = sourcecode.swift; path = MyProfileViewController.swift; sourceTree = "<group>"; };
		D46390F7207036F300C4E3DA /* AmericasVision.app */ = {isa = PBXFileReference; explicitFileType = wrapper.application; includeInIndex = 0; path = AmericasVision.app; sourceTree = BUILT_PRODUCTS_DIR; };
		D46390FA207036F300C4E3DA /* AppDelegate.swift */ = {isa = PBXFileReference; lastKnownFileType = sourcecode.swift; path = AppDelegate.swift; sourceTree = "<group>"; };
		D4639101207036F300C4E3DA /* Assets.xcassets */ = {isa = PBXFileReference; lastKnownFileType = folder.assetcatalog; path = Assets.xcassets; sourceTree = "<group>"; };
		D4639104207036F300C4E3DA /* Base */ = {isa = PBXFileReference; lastKnownFileType = file.storyboard; name = Base; path = Base.lproj/LaunchScreen.storyboard; sourceTree = "<group>"; };
		D4639106207036F300C4E3DA /* Info.plist */ = {isa = PBXFileReference; lastKnownFileType = text.plist.xml; path = Info.plist; sourceTree = "<group>"; };
		D463910C2070377100C4E3DA /* AV.storyboard */ = {isa = PBXFileReference; lastKnownFileType = file.storyboard; path = AV.storyboard; sourceTree = "<group>"; };
		D463910E207037CB00C4E3DA /* SignInViewController.swift */ = {isa = PBXFileReference; lastKnownFileType = sourcecode.swift; path = SignInViewController.swift; sourceTree = "<group>"; };
		D4639110207041D400C4E3DA /* SignUpViewController.swift */ = {isa = PBXFileReference; lastKnownFileType = sourcecode.swift; path = SignUpViewController.swift; sourceTree = "<group>"; };
		D465157E20ABA8B30075A59C /* NewsDetailedViewController.swift */ = {isa = PBXFileReference; lastKnownFileType = sourcecode.swift; path = NewsDetailedViewController.swift; sourceTree = "<group>"; };
		D4761EAD207193E90065ACD7 /* GoogleService-Info.plist */ = {isa = PBXFileReference; fileEncoding = 4; lastKnownFileType = text.plist.xml; path = "GoogleService-Info.plist"; sourceTree = "<group>"; };
		D4FA49DB207994C200CC425B /* AmericasVision-Bridging-Header.h */ = {isa = PBXFileReference; lastKnownFileType = sourcecode.c.h; path = "AmericasVision-Bridging-Header.h"; sourceTree = "<group>"; };
		D4FA49DC207994C300CC425B /* SWRevealViewController.h */ = {isa = PBXFileReference; fileEncoding = 4; lastKnownFileType = sourcecode.c.h; path = SWRevealViewController.h; sourceTree = "<group>"; };
		D4FA49DD207994C300CC425B /* SWRevealViewController.m */ = {isa = PBXFileReference; fileEncoding = 4; lastKnownFileType = sourcecode.c.objc; path = SWRevealViewController.m; sourceTree = "<group>"; };
		D4FA49ED207AF0EC00CC425B /* ProfileMenuViewController.swift */ = {isa = PBXFileReference; lastKnownFileType = sourcecode.swift; path = ProfileMenuViewController.swift; sourceTree = "<group>"; };
		D4FA49EF207AF45500CC425B /* ProfileMenuTableViewCell.swift */ = {isa = PBXFileReference; lastKnownFileType = sourcecode.swift; path = ProfileMenuTableViewCell.swift; sourceTree = "<group>"; };
		D4FA49F1207C5B3C00CC425B /* AVAuthService.swift */ = {isa = PBXFileReference; lastKnownFileType = sourcecode.swift; path = AVAuthService.swift; sourceTree = "<group>"; };
		D4FA49F3207C6EA200CC425B /* PropertyConfig.swift */ = {isa = PBXFileReference; lastKnownFileType = sourcecode.swift; path = PropertyConfig.swift; sourceTree = "<group>"; };
		D4FA49F5207D0D7C00CC425B /* ProgressHUD.m */ = {isa = PBXFileReference; fileEncoding = 4; lastKnownFileType = sourcecode.c.objc; path = ProgressHUD.m; sourceTree = "<group>"; };
		D4FA49F6207D0D7C00CC425B /* ProgressHUD.bundle */ = {isa = PBXFileReference; lastKnownFileType = "wrapper.plug-in"; path = ProgressHUD.bundle; sourceTree = "<group>"; };
		D4FA49F7207D0D7C00CC425B /* ProgressHUD.h */ = {isa = PBXFileReference; fileEncoding = 4; lastKnownFileType = sourcecode.c.h; path = ProgressHUD.h; sourceTree = "<group>"; };
		D4FA49FE2082AD9F00CC425B /* NewsFeedAdminViewController.swift */ = {isa = PBXFileReference; lastKnownFileType = sourcecode.swift; path = NewsFeedAdminViewController.swift; sourceTree = "<group>"; };
		D4FA4A012082FBF100CC425B /* Post.swift */ = {isa = PBXFileReference; lastKnownFileType = sourcecode.swift; path = Post.swift; sourceTree = "<group>"; };
		D4FA4A072086D86700CC425B /* CurrentUserInfo.swift */ = {isa = PBXFileReference; lastKnownFileType = sourcecode.swift; path = CurrentUserInfo.swift; sourceTree = "<group>"; };
		D4FA4A0A208822BF00CC425B /* FBSDKLoginKit.framework */ = {isa = PBXFileReference; lastKnownFileType = wrapper.framework; path = FBSDKLoginKit.framework; sourceTree = "<group>"; };
		D4FA4A0B208822BF00CC425B /* Bolts.framework */ = {isa = PBXFileReference; lastKnownFileType = wrapper.framework; path = Bolts.framework; sourceTree = "<group>"; };
		D4FA4A0C208822BF00CC425B /* FBSDKCoreKit.framework */ = {isa = PBXFileReference; lastKnownFileType = wrapper.framework; path = FBSDKCoreKit.framework; sourceTree = "<group>"; };
		DC04104B20B8A4D100085718 /* NewsEntertainmentViewController.swift */ = {isa = PBXFileReference; lastKnownFileType = sourcecode.swift; path = NewsEntertainmentViewController.swift; sourceTree = "<group>"; };
		DC04CDDF210D9AC600E70B6B /* CommonUtils.swift */ = {isa = PBXFileReference; lastKnownFileType = sourcecode.swift; path = CommonUtils.swift; sourceTree = "<group>"; };
		DC0C6E022120468F000F284D /* NewsTableViewCell.swift */ = {isa = PBXFileReference; lastKnownFileType = sourcecode.swift; path = NewsTableViewCell.swift; sourceTree = "<group>"; };
		DC0C6E0421204EC1000F284D /* NewsPoliticsViewController.swift */ = {isa = PBXFileReference; lastKnownFileType = sourcecode.swift; path = NewsPoliticsViewController.swift; sourceTree = "<group>"; };
		DC0C6E06212070F4000F284D /* AVLabel.swift */ = {isa = PBXFileReference; lastKnownFileType = sourcecode.swift; path = AVLabel.swift; sourceTree = "<group>"; };
		DC0C6E082121E199000F284D /* NewsMiscellaneousViewcontroller.swift */ = {isa = PBXFileReference; lastKnownFileType = sourcecode.swift; path = NewsMiscellaneousViewcontroller.swift; sourceTree = "<group>"; };
		DC0C6E0B2121EFA1000F284D /* NewsMatureViewController.swift */ = {isa = PBXFileReference; lastKnownFileType = sourcecode.swift; path = NewsMatureViewController.swift; sourceTree = "<group>"; };
		DC1BB3AB2129CC7200AB3168 /* MusicAlbum.swift */ = {isa = PBXFileReference; lastKnownFileType = sourcecode.swift; path = MusicAlbum.swift; sourceTree = "<group>"; };
		DC1BB3AD212D4EA800AB3168 /* AVMusicPlayerController.swift */ = {isa = PBXFileReference; lastKnownFileType = sourcecode.swift; path = AVMusicPlayerController.swift; sourceTree = "<group>"; };
		DC1BB3B0212D795E00AB3168 /* test.mp3 */ = {isa = PBXFileReference; lastKnownFileType = audio.mp3; path = test.mp3; sourceTree = "<group>"; };
		DC2067542123378D003541F4 /* NewsSlideCollectionCell.swift */ = {isa = PBXFileReference; lastKnownFileType = sourcecode.swift; path = NewsSlideCollectionCell.swift; sourceTree = "<group>"; };
		DC33663E20B9BB2F002B8064 /* ChatTableViewCell.swift */ = {isa = PBXFileReference; lastKnownFileType = sourcecode.swift; path = ChatTableViewCell.swift; sourceTree = "<group>"; };
		DC33664020BC6EB0002B8064 /* MusicAlbumTracksCell.swift */ = {isa = PBXFileReference; lastKnownFileType = sourcecode.swift; path = MusicAlbumTracksCell.swift; sourceTree = "<group>"; };
		DC33664220BF06C8002B8064 /* ImageCache.swift */ = {isa = PBXFileReference; lastKnownFileType = sourcecode.swift; path = ImageCache.swift; sourceTree = "<group>"; };
		DC33664620C5B092002B8064 /* MusicAdminViewController.swift */ = {isa = PBXFileReference; lastKnownFileType = sourcecode.swift; path = MusicAdminViewController.swift; sourceTree = "<group>"; };
		DC46B8D520C7104400188EC9 /* ChatPublicViewController.swift */ = {isa = PBXFileReference; lastKnownFileType = sourcecode.swift; path = ChatPublicViewController.swift; sourceTree = "<group>"; };
		DC4A12B0209F2BD7007C4755 /* MusicViewController.swift */ = {isa = PBXFileReference; lastKnownFileType = sourcecode.swift; path = MusicViewController.swift; sourceTree = "<group>"; };
		DC69B9AA2208A0D400AE08ED /* ChatTabBarController.swift */ = {isa = PBXFileReference; lastKnownFileType = sourcecode.swift; path = ChatTabBarController.swift; sourceTree = "<group>"; };
		DC6F3FED21090062001795DF /* Charts.framework */ = {isa = PBXFileReference; explicitFileType = wrapper.framework; path = Charts.framework; sourceTree = BUILT_PRODUCTS_DIR; };
		DC6F3FF32109043D001795DF /* Charts.framework */ = {isa = PBXFileReference; explicitFileType = wrapper.framework; path = Charts.framework; sourceTree = BUILT_PRODUCTS_DIR; };
		DC6F3FFA210A25F8001795DF /* FileExplorer.framework */ = {isa = PBXFileReference; explicitFileType = wrapper.framework; path = FileExplorer.framework; sourceTree = BUILT_PRODUCTS_DIR; };
		DC7C017D21379FC600C6DE67 /* PostComment.swift */ = {isa = PBXFileReference; lastKnownFileType = sourcecode.swift; path = PostComment.swift; sourceTree = "<group>"; };
		DC7F1D9920CD9E8C005CB41F /* PrivateMessageHandler.swift */ = {isa = PBXFileReference; lastKnownFileType = sourcecode.swift; path = PrivateMessageHandler.swift; sourceTree = "<group>"; };
		DC8317AD20B8ABEF00517AE9 /* UserDefaultsHelper.swift */ = {isa = PBXFileReference; fileEncoding = 4; lastKnownFileType = sourcecode.swift; path = UserDefaultsHelper.swift; sourceTree = "<group>"; };
		DC8317AF20B8AC0F00517AE9 /* UserInfo.swift */ = {isa = PBXFileReference; fileEncoding = 4; lastKnownFileType = sourcecode.swift; path = UserInfo.swift; sourceTree = "<group>"; };
		DC8C89F92112233600AE8E92 /* VoteAdminViewController.swift */ = {isa = PBXFileReference; lastKnownFileType = sourcecode.swift; path = VoteAdminViewController.swift; sourceTree = "<group>"; };
		DC8C89FB21122DE900AE8E92 /* Opinion.swift */ = {isa = PBXFileReference; lastKnownFileType = sourcecode.swift; path = Opinion.swift; sourceTree = "<group>"; };
		DC8C89FD21135C6300AE8E92 /* AVRadioButton.swift */ = {isa = PBXFileReference; lastKnownFileType = sourcecode.swift; path = AVRadioButton.swift; sourceTree = "<group>"; };
		DC96CB252157774900A42052 /* MusicAlbumListController.swift */ = {isa = PBXFileReference; lastKnownFileType = sourcecode.swift; path = MusicAlbumListController.swift; sourceTree = "<group>"; };
		DC96CB2721577C6100A42052 /* MusicTrack.swift */ = {isa = PBXFileReference; lastKnownFileType = sourcecode.swift; path = MusicTrack.swift; sourceTree = "<group>"; };
		DC96CB2921579C3500A42052 /* MusicFloatingPlayer.swift */ = {isa = PBXFileReference; lastKnownFileType = sourcecode.swift; path = MusicFloatingPlayer.swift; sourceTree = "<group>"; };
		DC96CB2B21580C9700A42052 /* Reachability.swift */ = {isa = PBXFileReference; lastKnownFileType = sourcecode.swift; path = Reachability.swift; sourceTree = "<group>"; };
		DCBB0ACA2145660B008056A5 /* AVSettingsViewController.swift */ = {isa = PBXFileReference; lastKnownFileType = sourcecode.swift; path = AVSettingsViewController.swift; sourceTree = "<group>"; };
		DCBB0ACC215578E6008056A5 /* VotedUsersTableViewController.swift */ = {isa = PBXFileReference; lastKnownFileType = sourcecode.swift; path = VotedUsersTableViewController.swift; sourceTree = "<group>"; };
		DCBEBC3720A786ED00E8EAEA /* Constants.swift */ = {isa = PBXFileReference; fileEncoding = 4; lastKnownFileType = sourcecode.swift; path = Constants.swift; sourceTree = "<group>"; };
		DCBEBC3920A7871800E8EAEA /* ChatContactsViewController.swift */ = {isa = PBXFileReference; fileEncoding = 4; lastKnownFileType = sourcecode.swift; path = ChatContactsViewController.swift; sourceTree = "<group>"; };
		DCBEBC3B20A78BF200E8EAEA /* Contacts.swift */ = {isa = PBXFileReference; lastKnownFileType = sourcecode.swift; path = Contacts.swift; sourceTree = "<group>"; };
		DCBEBC4020A78FCC00E8EAEA /* DBProvider.swift */ = {isa = PBXFileReference; fileEncoding = 4; lastKnownFileType = sourcecode.swift; path = DBProvider.swift; sourceTree = "<group>"; };
		DCC76A9421036B88003FC4FC /* PublicMessageHandler.swift */ = {isa = PBXFileReference; lastKnownFileType = sourcecode.swift; path = PublicMessageHandler.swift; sourceTree = "<group>"; };
		DCC8AEAD2168E53800A1C848 /* AVInfo.swift */ = {isa = PBXFileReference; lastKnownFileType = sourcecode.swift; path = AVInfo.swift; sourceTree = "<group>"; };
		DCD10FB82142F868007A3779 /* AVCommonFields.swift */ = {isa = PBXFileReference; lastKnownFileType = sourcecode.swift; path = AVCommonFields.swift; sourceTree = "<group>"; };
		DCEBA7DC21326C45001555F6 /* MusicByAlbumCollectionViewController.swift */ = {isa = PBXFileReference; lastKnownFileType = sourcecode.swift; path = MusicByAlbumCollectionViewController.swift; sourceTree = "<group>"; };
		DCEE7F7F215EC2D9007303B0 /* SettingsDetailedViewController.swift */ = {isa = PBXFileReference; lastKnownFileType = sourcecode.swift; path = SettingsDetailedViewController.swift; sourceTree = "<group>"; };
		DCF8AB2720B1137C0064FF72 /* SlideCollectionViewCell.swift */ = {isa = PBXFileReference; lastKnownFileType = sourcecode.swift; path = SlideCollectionViewCell.swift; sourceTree = "<group>"; };
		DCF8AB2C20B1505F0064FF72 /* FeedsTableViewCell.swift */ = {isa = PBXFileReference; fileEncoding = 4; lastKnownFileType = sourcecode.swift; path = FeedsTableViewCell.swift; sourceTree = "<group>"; };
		DCF8AB2E20B1527E0064FF72 /* NewsSportsViewController.swift */ = {isa = PBXFileReference; lastKnownFileType = sourcecode.swift; path = NewsSportsViewController.swift; sourceTree = "<group>"; };
/* End PBXFileReference section */

/* Begin PBXFrameworksBuildPhase section */
		D46390F4207036F300C4E3DA /* Frameworks */ = {
			isa = PBXFrameworksBuildPhase;
			buildActionMask = 2147483647;
			files = (
				DC6F3FF42109043D001795DF /* Charts.framework in Frameworks */,
				D4FA4A0E208822BF00CC425B /* Bolts.framework in Frameworks */,
				D4FA4A0F208822BF00CC425B /* FBSDKCoreKit.framework in Frameworks */,
				D4FA4A0D208822BF00CC425B /* FBSDKLoginKit.framework in Frameworks */,
				C61304E56792B8B800622D3B /* Pods_AmericasVision.framework in Frameworks */,
			);
			runOnlyForDeploymentPostprocessing = 0;
		};
/* End PBXFrameworksBuildPhase section */

/* Begin PBXGroup section */
		41A766FA7AA78133F248BC0A /* Frameworks */ = {
			isa = PBXGroup;
			children = (
				DC6F3FFA210A25F8001795DF /* FileExplorer.framework */,
				DC6F3FF32109043D001795DF /* Charts.framework */,
				DC6F3FED21090062001795DF /* Charts.framework */,
				D4FA4A0B208822BF00CC425B /* Bolts.framework */,
				D4FA4A0C208822BF00CC425B /* FBSDKCoreKit.framework */,
				D4FA4A0A208822BF00CC425B /* FBSDKLoginKit.framework */,
				812CD0268CBC06E0044E0603 /* Pods_AmericasVision.framework */,
			);
			name = Frameworks;
			sourceTree = "<group>";
		};
		C7AE3A7AB8D1A2B93962691D /* Pods */ = {
			isa = PBXGroup;
			children = (
				8CFB0380C16A0716129E9C7F /* Pods-AmericasVision.debug.xcconfig */,
				70026634E6D636FAAB5C124C /* Pods-AmericasVision.release.xcconfig */,
			);
			name = Pods;
			sourceTree = "<group>";
		};
		D46390EE207036F300C4E3DA = {
			isa = PBXGroup;
			children = (
				D46390F9207036F300C4E3DA /* AmericasVision */,
				D46390F8207036F300C4E3DA /* Products */,
				C7AE3A7AB8D1A2B93962691D /* Pods */,
				41A766FA7AA78133F248BC0A /* Frameworks */,
			);
			sourceTree = "<group>";
		};
		D46390F8207036F300C4E3DA /* Products */ = {
			isa = PBXGroup;
			children = (
				D46390F7207036F300C4E3DA /* AmericasVision.app */,
			);
			name = Products;
			sourceTree = "<group>";
		};
		D46390F9207036F300C4E3DA /* AmericasVision */ = {
			isa = PBXGroup;
			children = (
				DC1BB3AF212D792F00AB3168 /* audio */,
				DC0C6E0A2121EE59000F284D /* cells */,
				DC04104D20B8A7B000085718 /* plugins */,
				DCBEBC3D20A78F8900E8EAEA /* Database */,
				D4FA4A002082FBE000CC425B /* Model */,
				D4FA49F6207D0D7C00CC425B /* ProgressHUD.bundle */,
				D4639101207036F300C4E3DA /* Assets.xcassets */,
				D4FA49FC207D943700CC425B /* Storyboards */,
				D4FA49FD207D947D00CC425B /* ViewControllers */,
			);
			path = AmericasVision;
			sourceTree = "<group>";
		};
		D4FA49FC207D943700CC425B /* Storyboards */ = {
			isa = PBXGroup;
			children = (
				D463910C2070377100C4E3DA /* AV.storyboard */,
				D4639103207036F300C4E3DA /* LaunchScreen.storyboard */,
			);
			path = Storyboards;
			sourceTree = "<group>";
		};
		D4FA49FD207D947D00CC425B /* ViewControllers */ = {
			isa = PBXGroup;
			children = (
				DCBEBC3920A7871800E8EAEA /* ChatContactsViewController.swift */,
				D408D2E9209E8622008DD80A /* ChatPrivateViewController.swift */,
				DC46B8D520C7104400188EC9 /* ChatPublicViewController.swift */,
				DC69B9AA2208A0D400AE08ED /* ChatTabBarController.swift */,
				D408D2E3209E706F008DD80A /* MarketPlaceCollectionViewController.swift */,
				DC33664620C5B092002B8064 /* MusicAdminViewController.swift */,
				D408D2ED209E8831008DD80A /* MusicByTrackTableViewController.swift */,
				DCBB0ACC215578E6008056A5 /* VotedUsersTableViewController.swift */,
				DC4A12B0209F2BD7007C4755 /* MusicViewController.swift */,
				D408D2F1209E903D008DD80A /* MyProfileViewController.swift */,
				D465157E20ABA8B30075A59C /* NewsDetailedViewController.swift */,
				DC04104B20B8A4D100085718 /* NewsEntertainmentViewController.swift */,
				D4FA49FE2082AD9F00CC425B /* NewsFeedAdminViewController.swift */,
				DC0C6E0B2121EFA1000F284D /* NewsMatureViewController.swift */,
				DC0C6E082121E199000F284D /* NewsMiscellaneousViewcontroller.swift */,
				DC0C6E0421204EC1000F284D /* NewsPoliticsViewController.swift */,
				D4FA49ED207AF0EC00CC425B /* ProfileMenuViewController.swift */,
				D463910E207037CB00C4E3DA /* SignInViewController.swift */,
				D4639110207041D400C4E3DA /* SignUpViewController.swift */,
				DCF8AB2E20B1527E0064FF72 /* NewsSportsViewController.swift */,
				D408D2E5209E71E3008DD80A /* VotesCollectionViewController.swift */,
				DC8C89F92112233600AE8E92 /* VoteAdminViewController.swift */,
				DCBB0ACA2145660B008056A5 /* AVSettingsViewController.swift */,
				DC1BB3AD212D4EA800AB3168 /* AVMusicPlayerController.swift */,
				DC96CB252157774900A42052 /* MusicAlbumListController.swift */,
				DCEE7F7F215EC2D9007303B0 /* SettingsDetailedViewController.swift */,
				DCEBA7DC21326C45001555F6 /* MusicByAlbumCollectionViewController.swift */,
			);
			path = ViewControllers;
			sourceTree = "<group>";
		};
		D4FA4A002082FBE000CC425B /* Model */ = {
			isa = PBXGroup;
			children = (
				DC8317AF20B8AC0F00517AE9 /* UserInfo.swift */,
				DC1BB3AB2129CC7200AB3168 /* MusicAlbum.swift */,
				DC96CB2721577C6100A42052 /* MusicTrack.swift */,
				DC8317AD20B8ABEF00517AE9 /* UserDefaultsHelper.swift */,
				D4FA4A072086D86700CC425B /* CurrentUserInfo.swift */,
				DCBEBC3720A786ED00E8EAEA /* Constants.swift */,
				DCBEBC3B20A78BF200E8EAEA /* Contacts.swift */,
				D4FA4A012082FBF100CC425B /* Post.swift */,
				DC04CDDF210D9AC600E70B6B /* CommonUtils.swift */,
				DC8C89FB21122DE900AE8E92 /* Opinion.swift */,
				DC7C017D21379FC600C6DE67 /* PostComment.swift */,
				DCC8AEAD2168E53800A1C848 /* AVInfo.swift */,
			);
			path = Model;
			sourceTree = "<group>";
		};
		DC04104D20B8A7B000085718 /* plugins */ = {
			isa = PBXGroup;
			children = (
				D4761EAD207193E90065ACD7 /* GoogleService-Info.plist */,
				D4639106207036F300C4E3DA /* Info.plist */,
				D4FA49DC207994C300CC425B /* SWRevealViewController.h */,
				D4FA49DD207994C300CC425B /* SWRevealViewController.m */,
				D4FA49F7207D0D7C00CC425B /* ProgressHUD.h */,
				D4FA49F5207D0D7C00CC425B /* ProgressHUD.m */,
				DC96CB2921579C3500A42052 /* MusicFloatingPlayer.swift */,
				D46390FA207036F300C4E3DA /* AppDelegate.swift */,
				D4FA49DB207994C200CC425B /* AmericasVision-Bridging-Header.h */,
				D4FA49F3207C6EA200CC425B /* PropertyConfig.swift */,
				DC8C89FD21135C6300AE8E92 /* AVRadioButton.swift */,
				DC0C6E06212070F4000F284D /* AVLabel.swift */,
				DCD10FB82142F868007A3779 /* AVCommonFields.swift */,
				DC96CB2B21580C9700A42052 /* Reachability.swift */,
			);
			path = plugins;
			sourceTree = "<group>";
		};
		DC0C6E0A2121EE59000F284D /* cells */ = {
			isa = PBXGroup;
			children = (
				DCF8AB2720B1137C0064FF72 /* SlideCollectionViewCell.swift */,
				DC0C6E022120468F000F284D /* NewsTableViewCell.swift */,
				D408D2E1209E425B008DD80A /* MusicViewCell.swift */,
				DC33664020BC6EB0002B8064 /* MusicAlbumTracksCell.swift */,
				DC33663E20B9BB2F002B8064 /* ChatTableViewCell.swift */,
				D4FA49EF207AF45500CC425B /* ProfileMenuTableViewCell.swift */,
				DCF8AB2C20B1505F0064FF72 /* FeedsTableViewCell.swift */,
				DC2067542123378D003541F4 /* NewsSlideCollectionCell.swift */,
			);
			path = cells;
			sourceTree = "<group>";
		};
		DC1BB3AF212D792F00AB3168 /* audio */ = {
			isa = PBXGroup;
			children = (
				DC1BB3B0212D795E00AB3168 /* test.mp3 */,
			);
			path = audio;
			sourceTree = "<group>";
		};
		DCBEBC3D20A78F8900E8EAEA /* Database */ = {
			isa = PBXGroup;
			children = (
				D4FA49F1207C5B3C00CC425B /* AVAuthService.swift */,
				DCC76A9421036B88003FC4FC /* PublicMessageHandler.swift */,
				DCBEBC4020A78FCC00E8EAEA /* DBProvider.swift */,
				DC33664220BF06C8002B8064 /* ImageCache.swift */,
				DC7F1D9920CD9E8C005CB41F /* PrivateMessageHandler.swift */,
			);
			path = Database;
			sourceTree = "<group>";
		};
/* End PBXGroup section */

/* Begin PBXNativeTarget section */
		D46390F6207036F300C4E3DA /* AmericasVision */ = {
			isa = PBXNativeTarget;
			buildConfigurationList = D4639109207036F300C4E3DA /* Build configuration list for PBXNativeTarget "AmericasVision" */;
			buildPhases = (
				245AB1789D8FFC86909A13EC /* [CP] Check Pods Manifest.lock */,
				D46390F3207036F300C4E3DA /* Sources */,
				D46390F4207036F300C4E3DA /* Frameworks */,
				D46390F5207036F300C4E3DA /* Resources */,
				2D62644F6656779241E573C1 /* [CP] Embed Pods Frameworks */,
				DC6F3FF821090454001795DF /* Embed Frameworks */,
			);
			buildRules = (
			);
			dependencies = (
			);
			name = AmericasVision;
			productName = AmericasVision;
			productReference = D46390F7207036F300C4E3DA /* AmericasVision.app */;
			productType = "com.apple.product-type.application";
		};
/* End PBXNativeTarget section */

/* Begin PBXProject section */
		D46390EF207036F300C4E3DA /* Project object */ = {
			isa = PBXProject;
			attributes = {
				LastSwiftUpdateCheck = 0930;
				LastUpgradeCheck = 0930;
				ORGANIZATIONNAME = zeroGravity;
				TargetAttributes = {
					D46390F6207036F300C4E3DA = {
						CreatedOnToolsVersion = 9.3;
						LastSwiftMigration = 0930;
					};
				};
			};
			buildConfigurationList = D46390F2207036F300C4E3DA /* Build configuration list for PBXProject "AmericasVision" */;
			compatibilityVersion = "Xcode 9.3";
			developmentRegion = en;
			hasScannedForEncodings = 0;
			knownRegions = (
				en,
				Base,
			);
			mainGroup = D46390EE207036F300C4E3DA;
			productRefGroup = D46390F8207036F300C4E3DA /* Products */;
			projectDirPath = "";
			projectRoot = "";
			targets = (
				D46390F6207036F300C4E3DA /* AmericasVision */,
			);
		};
/* End PBXProject section */

/* Begin PBXResourcesBuildPhase section */
		D46390F5207036F300C4E3DA /* Resources */ = {
			isa = PBXResourcesBuildPhase;
			buildActionMask = 2147483647;
			files = (
				DC1BB3B1212D795E00AB3168 /* test.mp3 in Resources */,
				D4761EAE207193E90065ACD7 /* GoogleService-Info.plist in Resources */,
				D4639105207036F300C4E3DA /* LaunchScreen.storyboard in Resources */,
				D463910D2070377100C4E3DA /* AV.storyboard in Resources */,
				D4639102207036F300C4E3DA /* Assets.xcassets in Resources */,
				D4FA49F9207D0D7D00CC425B /* ProgressHUD.bundle in Resources */,
			);
			runOnlyForDeploymentPostprocessing = 0;
		};
/* End PBXResourcesBuildPhase section */

/* Begin PBXShellScriptBuildPhase section */
		245AB1789D8FFC86909A13EC /* [CP] Check Pods Manifest.lock */ = {
			isa = PBXShellScriptBuildPhase;
			buildActionMask = 2147483647;
			files = (
			);
			inputPaths = (
				"${PODS_PODFILE_DIR_PATH}/Podfile.lock",
				"${PODS_ROOT}/Manifest.lock",
			);
			name = "[CP] Check Pods Manifest.lock";
			outputPaths = (
				"$(DERIVED_FILE_DIR)/Pods-AmericasVision-checkManifestLockResult.txt",
			);
			runOnlyForDeploymentPostprocessing = 0;
			shellPath = /bin/sh;
			shellScript = "diff \"${PODS_PODFILE_DIR_PATH}/Podfile.lock\" \"${PODS_ROOT}/Manifest.lock\" > /dev/null\nif [ $? != 0 ] ; then\n    # print error to STDERR\n    echo \"error: The sandbox is not in sync with the Podfile.lock. Run 'pod install' or update your CocoaPods installation.\" >&2\n    exit 1\nfi\n# This output is used by Xcode 'outputs' to avoid re-running this script phase.\necho \"SUCCESS\" > \"${SCRIPT_OUTPUT_FILE_0}\"\n";
			showEnvVarsInLog = 0;
		};
		2D62644F6656779241E573C1 /* [CP] Embed Pods Frameworks */ = {
			isa = PBXShellScriptBuildPhase;
			buildActionMask = 2147483647;
			files = (
			);
			inputPaths = (
				"${SRCROOT}/Pods/Target Support Files/Pods-AmericasVision/Pods-AmericasVision-frameworks.sh",
				"${BUILT_PRODUCTS_DIR}/Charts/Charts.framework",
				"${BUILT_PRODUCTS_DIR}/GTMSessionFetcher/GTMSessionFetcher.framework",
				"${BUILT_PRODUCTS_DIR}/GoogleToolboxForMac/GoogleToolboxForMac.framework",
				"${BUILT_PRODUCTS_DIR}/JSQMessagesViewController/JSQMessagesViewController.framework",
				"${BUILT_PRODUCTS_DIR}/JSQSystemSoundPlayer/JSQSystemSoundPlayer.framework",
				"${BUILT_PRODUCTS_DIR}/SDWebImage/SDWebImage.framework",
				"${BUILT_PRODUCTS_DIR}/leveldb-library/leveldb.framework",
				"${BUILT_PRODUCTS_DIR}/nanopb/nanopb.framework",
			);
			name = "[CP] Embed Pods Frameworks";
			outputPaths = (
				"${TARGET_BUILD_DIR}/${FRAMEWORKS_FOLDER_PATH}/Charts.framework",
				"${TARGET_BUILD_DIR}/${FRAMEWORKS_FOLDER_PATH}/GTMSessionFetcher.framework",
				"${TARGET_BUILD_DIR}/${FRAMEWORKS_FOLDER_PATH}/GoogleToolboxForMac.framework",
				"${TARGET_BUILD_DIR}/${FRAMEWORKS_FOLDER_PATH}/JSQMessagesViewController.framework",
				"${TARGET_BUILD_DIR}/${FRAMEWORKS_FOLDER_PATH}/JSQSystemSoundPlayer.framework",
				"${TARGET_BUILD_DIR}/${FRAMEWORKS_FOLDER_PATH}/SDWebImage.framework",
				"${TARGET_BUILD_DIR}/${FRAMEWORKS_FOLDER_PATH}/leveldb.framework",
				"${TARGET_BUILD_DIR}/${FRAMEWORKS_FOLDER_PATH}/nanopb.framework",
			);
			runOnlyForDeploymentPostprocessing = 0;
			shellPath = /bin/sh;
			shellScript = "\"${SRCROOT}/Pods/Target Support Files/Pods-AmericasVision/Pods-AmericasVision-frameworks.sh\"\n";
			showEnvVarsInLog = 0;
		};
/* End PBXShellScriptBuildPhase section */

/* Begin PBXSourcesBuildPhase section */
		D46390F3207036F300C4E3DA /* Sources */ = {
			isa = PBXSourcesBuildPhase;
			buildActionMask = 2147483647;
			files = (
				DCBEBC3820A786EE00E8EAEA /* Constants.swift in Sources */,
				DC8C89FE21135C6300AE8E92 /* AVRadioButton.swift in Sources */,
				DC7C017E21379FC600C6DE67 /* PostComment.swift in Sources */,
				D4FA4A082086D86700CC425B /* CurrentUserInfo.swift in Sources */,
				DC46B8D620C7104400188EC9 /* ChatPublicViewController.swift in Sources */,
				DCBB0ACD215578E6008056A5 /* VotedUsersTableViewController.swift in Sources */,
				DCC8AEAE2168E53800A1C848 /* AVInfo.swift in Sources */,
				DC7F1D9A20CD9E8C005CB41F /* PrivateMessageHandler.swift in Sources */,
				D4FA49F0207AF45500CC425B /* ProfileMenuTableViewCell.swift in Sources */,
				DC33663F20B9BB2F002B8064 /* ChatTableViewCell.swift in Sources */,
				DC1BB3AC2129CC7200AB3168 /* MusicAlbum.swift in Sources */,
				D4FA49FF2082AD9F00CC425B /* NewsFeedAdminViewController.swift in Sources */,
				DCBB0ACB2145660B008056A5 /* AVSettingsViewController.swift in Sources */,
				DC04104C20B8A4D100085718 /* NewsEntertainmentViewController.swift in Sources */,
				D408D2F2209E903D008DD80A /* MyProfileViewController.swift in Sources */,
				D4639111207041D400C4E3DA /* SignUpViewController.swift in Sources */,
				DCEBA7DD21326C45001555F6 /* MusicByAlbumCollectionViewController.swift in Sources */,
				DC33664320BF06C8002B8064 /* ImageCache.swift in Sources */,
				D4FA49DE207994C300CC425B /* SWRevealViewController.m in Sources */,
				D4FA49F2207C5B3C00CC425B /* AVAuthService.swift in Sources */,
				D463910F207037CB00C4E3DA /* SignInViewController.swift in Sources */,
				DC0C6E0521204EC1000F284D /* NewsPoliticsViewController.swift in Sources */,
				D408D2E2209E425B008DD80A /* MusicViewCell.swift in Sources */,
				DCC76A9521036B88003FC4FC /* PublicMessageHandler.swift in Sources */,
				DC1BB3AE212D4EA800AB3168 /* AVMusicPlayerController.swift in Sources */,
				DC8C89FC21122DE900AE8E92 /* Opinion.swift in Sources */,
				DC0C6E032120468F000F284D /* NewsTableViewCell.swift in Sources */,
				DC2067552123378D003541F4 /* NewsSlideCollectionCell.swift in Sources */,
				DCD10FB92142F868007A3779 /* AVCommonFields.swift in Sources */,
				D408D2EA209E8622008DD80A /* ChatPrivateViewController.swift in Sources */,
				D4FA4A022082FBF100CC425B /* Post.swift in Sources */,
				D465157F20ABA8B30075A59C /* NewsDetailedViewController.swift in Sources */,
				DC33664120BC6EB0002B8064 /* MusicAlbumTracksCell.swift in Sources */,
				DC0C6E0C2121EFA1000F284D /* NewsMatureViewController.swift in Sources */,
				D4FA49F8207D0D7D00CC425B /* ProgressHUD.m in Sources */,
				DC96CB2A21579C3500A42052 /* MusicFloatingPlayer.swift in Sources */,
				DC8317AE20B8ABEF00517AE9 /* UserDefaultsHelper.swift in Sources */,
				DC96CB2C21580C9700A42052 /* Reachability.swift in Sources */,
				D408D2E4209E706F008DD80A /* MarketPlaceCollectionViewController.swift in Sources */,
				DCF8AB2F20B1527E0064FF72 /* NewsSportsViewController.swift in Sources */,
				D46390FB207036F300C4E3DA /* AppDelegate.swift in Sources */,
				DC69B9AB2208A0D400AE08ED /* ChatTabBarController.swift in Sources */,
				DC4A12B1209F2BD7007C4755 /* MusicViewController.swift in Sources */,
				DC96CB262157774900A42052 /* MusicAlbumListController.swift in Sources */,
				D4FA49EE207AF0EC00CC425B /* ProfileMenuViewController.swift in Sources */,
				DC96CB2821577C6100A42052 /* MusicTrack.swift in Sources */,
				DC8C89FA2112233700AE8E92 /* VoteAdminViewController.swift in Sources */,
				DCF8AB2D20B1505F0064FF72 /* FeedsTableViewCell.swift in Sources */,
				D408D2EE209E8831008DD80A /* MusicByTrackTableViewController.swift in Sources */,
				DC0C6E092121E199000F284D /* NewsMiscellaneousViewcontroller.swift in Sources */,
				DCEE7F80215EC2D9007303B0 /* SettingsDetailedViewController.swift in Sources */,
				D408D2E6209E71E3008DD80A /* VotesCollectionViewController.swift in Sources */,
				DC04CDE0210D9AC600E70B6B /* CommonUtils.swift in Sources */,
				DC33664720C5B092002B8064 /* MusicAdminViewController.swift in Sources */,
				D4FA49F4207C6EA200CC425B /* PropertyConfig.swift in Sources */,
				DC8317B020B8AC0F00517AE9 /* UserInfo.swift in Sources */,
				DCBEBC4120A78FCC00E8EAEA /* DBProvider.swift in Sources */,
				DCBEBC3A20A7871900E8EAEA /* ChatContactsViewController.swift in Sources */,
				DCF8AB2820B1137C0064FF72 /* SlideCollectionViewCell.swift in Sources */,
				DCBEBC3C20A78BF200E8EAEA /* Contacts.swift in Sources */,
				DC0C6E07212070F4000F284D /* AVLabel.swift in Sources */,
			);
			runOnlyForDeploymentPostprocessing = 0;
		};
/* End PBXSourcesBuildPhase section */

/* Begin PBXVariantGroup section */
		D4639103207036F300C4E3DA /* LaunchScreen.storyboard */ = {
			isa = PBXVariantGroup;
			children = (
				D4639104207036F300C4E3DA /* Base */,
			);
			name = LaunchScreen.storyboard;
			sourceTree = "<group>";
		};
/* End PBXVariantGroup section */

/* Begin XCBuildConfiguration section */
		D4639107207036F300C4E3DA /* Debug */ = {
			isa = XCBuildConfiguration;
			buildSettings = {
				ALWAYS_SEARCH_USER_PATHS = NO;
				CLANG_ANALYZER_NONNULL = YES;
				CLANG_ANALYZER_NUMBER_OBJECT_CONVERSION = YES_AGGRESSIVE;
				CLANG_CXX_LANGUAGE_STANDARD = "gnu++14";
				CLANG_CXX_LIBRARY = "libc++";
				CLANG_ENABLE_MODULES = YES;
				CLANG_ENABLE_OBJC_ARC = YES;
				CLANG_ENABLE_OBJC_WEAK = YES;
				CLANG_WARN_BLOCK_CAPTURE_AUTORELEASING = YES;
				CLANG_WARN_BOOL_CONVERSION = YES;
				CLANG_WARN_COMMA = YES;
				CLANG_WARN_CONSTANT_CONVERSION = YES;
				CLANG_WARN_DEPRECATED_OBJC_IMPLEMENTATIONS = YES;
				CLANG_WARN_DIRECT_OBJC_ISA_USAGE = YES_ERROR;
				CLANG_WARN_DOCUMENTATION_COMMENTS = YES;
				CLANG_WARN_EMPTY_BODY = YES;
				CLANG_WARN_ENUM_CONVERSION = YES;
				CLANG_WARN_INFINITE_RECURSION = YES;
				CLANG_WARN_INT_CONVERSION = YES;
				CLANG_WARN_NON_LITERAL_NULL_CONVERSION = YES;
				CLANG_WARN_OBJC_IMPLICIT_RETAIN_SELF = YES;
				CLANG_WARN_OBJC_LITERAL_CONVERSION = YES;
				CLANG_WARN_OBJC_ROOT_CLASS = YES_ERROR;
				CLANG_WARN_RANGE_LOOP_ANALYSIS = YES;
				CLANG_WARN_STRICT_PROTOTYPES = YES;
				CLANG_WARN_SUSPICIOUS_MOVE = YES;
				CLANG_WARN_UNGUARDED_AVAILABILITY = YES_AGGRESSIVE;
				CLANG_WARN_UNREACHABLE_CODE = YES;
				CLANG_WARN__DUPLICATE_METHOD_MATCH = YES;
				CODE_SIGN_IDENTITY = "iPhone Developer";
				COPY_PHASE_STRIP = NO;
				DEBUG_INFORMATION_FORMAT = dwarf;
				ENABLE_STRICT_OBJC_MSGSEND = YES;
				ENABLE_TESTABILITY = YES;
				GCC_C_LANGUAGE_STANDARD = gnu11;
				GCC_DYNAMIC_NO_PIC = NO;
				GCC_NO_COMMON_BLOCKS = YES;
				GCC_OPTIMIZATION_LEVEL = 0;
				GCC_PREPROCESSOR_DEFINITIONS = (
					"DEBUG=1",
					"$(inherited)",
				);
				GCC_WARN_64_TO_32_BIT_CONVERSION = YES;
				GCC_WARN_ABOUT_RETURN_TYPE = YES_ERROR;
				GCC_WARN_UNDECLARED_SELECTOR = YES;
				GCC_WARN_UNINITIALIZED_AUTOS = YES_AGGRESSIVE;
				GCC_WARN_UNUSED_FUNCTION = YES;
				GCC_WARN_UNUSED_VARIABLE = YES;
				IPHONEOS_DEPLOYMENT_TARGET = 11.3;
				MTL_ENABLE_DEBUG_INFO = YES;
				ONLY_ACTIVE_ARCH = YES;
				SDKROOT = iphoneos;
				SWIFT_ACTIVE_COMPILATION_CONDITIONS = DEBUG;
				SWIFT_OPTIMIZATION_LEVEL = "-Onone";
			};
			name = Debug;
		};
		D4639108207036F300C4E3DA /* Release */ = {
			isa = XCBuildConfiguration;
			buildSettings = {
				ALWAYS_SEARCH_USER_PATHS = NO;
				CLANG_ANALYZER_NONNULL = YES;
				CLANG_ANALYZER_NUMBER_OBJECT_CONVERSION = YES_AGGRESSIVE;
				CLANG_CXX_LANGUAGE_STANDARD = "gnu++14";
				CLANG_CXX_LIBRARY = "libc++";
				CLANG_ENABLE_MODULES = YES;
				CLANG_ENABLE_OBJC_ARC = YES;
				CLANG_ENABLE_OBJC_WEAK = YES;
				CLANG_WARN_BLOCK_CAPTURE_AUTORELEASING = YES;
				CLANG_WARN_BOOL_CONVERSION = YES;
				CLANG_WARN_COMMA = YES;
				CLANG_WARN_CONSTANT_CONVERSION = YES;
				CLANG_WARN_DEPRECATED_OBJC_IMPLEMENTATIONS = YES;
				CLANG_WARN_DIRECT_OBJC_ISA_USAGE = YES_ERROR;
				CLANG_WARN_DOCUMENTATION_COMMENTS = YES;
				CLANG_WARN_EMPTY_BODY = YES;
				CLANG_WARN_ENUM_CONVERSION = YES;
				CLANG_WARN_INFINITE_RECURSION = YES;
				CLANG_WARN_INT_CONVERSION = YES;
				CLANG_WARN_NON_LITERAL_NULL_CONVERSION = YES;
				CLANG_WARN_OBJC_IMPLICIT_RETAIN_SELF = YES;
				CLANG_WARN_OBJC_LITERAL_CONVERSION = YES;
				CLANG_WARN_OBJC_ROOT_CLASS = YES_ERROR;
				CLANG_WARN_RANGE_LOOP_ANALYSIS = YES;
				CLANG_WARN_STRICT_PROTOTYPES = YES;
				CLANG_WARN_SUSPICIOUS_MOVE = YES;
				CLANG_WARN_UNGUARDED_AVAILABILITY = YES_AGGRESSIVE;
				CLANG_WARN_UNREACHABLE_CODE = YES;
				CLANG_WARN__DUPLICATE_METHOD_MATCH = YES;
				CODE_SIGN_IDENTITY = "iPhone Developer";
				COPY_PHASE_STRIP = NO;
				DEBUG_INFORMATION_FORMAT = "dwarf-with-dsym";
				ENABLE_NS_ASSERTIONS = NO;
				ENABLE_STRICT_OBJC_MSGSEND = YES;
				GCC_C_LANGUAGE_STANDARD = gnu11;
				GCC_NO_COMMON_BLOCKS = YES;
				GCC_WARN_64_TO_32_BIT_CONVERSION = YES;
				GCC_WARN_ABOUT_RETURN_TYPE = YES_ERROR;
				GCC_WARN_UNDECLARED_SELECTOR = YES;
				GCC_WARN_UNINITIALIZED_AUTOS = YES_AGGRESSIVE;
				GCC_WARN_UNUSED_FUNCTION = YES;
				GCC_WARN_UNUSED_VARIABLE = YES;
				IPHONEOS_DEPLOYMENT_TARGET = 11.3;
				MTL_ENABLE_DEBUG_INFO = NO;
				SDKROOT = iphoneos;
				SWIFT_COMPILATION_MODE = wholemodule;
				SWIFT_OPTIMIZATION_LEVEL = "-O";
				VALIDATE_PRODUCT = YES;
			};
			name = Release;
		};
		D463910A207036F300C4E3DA /* Debug */ = {
			isa = XCBuildConfiguration;
			baseConfigurationReference = 8CFB0380C16A0716129E9C7F /* Pods-AmericasVision.debug.xcconfig */;
			buildSettings = {
				ASSETCATALOG_COMPILER_APPICON_NAME = AppIcon;
				CLANG_ENABLE_MODULES = YES;
				CODE_SIGN_IDENTITY = "iPhone Developer";
				CODE_SIGN_STYLE = Automatic;
				DEVELOPMENT_TEAM = "";
				FRAMEWORK_SEARCH_PATHS = (
					"$(inherited)",
					"$(PROJECT_DIR)",
				);
				INFOPLIST_FILE = AmericasVision/plugins/Info.plist;
				IPHONEOS_DEPLOYMENT_TARGET = 11.0;
				LD_RUNPATH_SEARCH_PATHS = (
					"$(inherited)",
					"@executable_path/Frameworks",
				);
				PRODUCT_BUNDLE_IDENTIFIER = com.zeroGravity.AmericasVision;
				PRODUCT_NAME = "$(TARGET_NAME)";
				PROVISIONING_PROFILE_SPECIFIER = "";
				SWIFT_OBJC_BRIDGING_HEADER = "AmericasVision/plugins/AmericasVision-Bridging-Header.h";
				SWIFT_OPTIMIZATION_LEVEL = "-Onone";
				SWIFT_VERSION = 4.0;
				TARGETED_DEVICE_FAMILY = "1,2";
			};
			name = Debug;
		};
		D463910B207036F300C4E3DA /* Release */ = {
			isa = XCBuildConfiguration;
			baseConfigurationReference = 70026634E6D636FAAB5C124C /* Pods-AmericasVision.release.xcconfig */;
			buildSettings = {
				ASSETCATALOG_COMPILER_APPICON_NAME = AppIcon;
				CLANG_ENABLE_MODULES = YES;
				CODE_SIGN_IDENTITY = "iPhone Developer";
				CODE_SIGN_STYLE = Automatic;
				DEVELOPMENT_TEAM = "";
				FRAMEWORK_SEARCH_PATHS = (
					"$(inherited)",
					"$(PROJECT_DIR)",
				);
				INFOPLIST_FILE = AmericasVision/plugins/Info.plist;
				IPHONEOS_DEPLOYMENT_TARGET = 11.0;
				LD_RUNPATH_SEARCH_PATHS = (
					"$(inherited)",
					"@executable_path/Frameworks",
				);
				PRODUCT_BUNDLE_IDENTIFIER = com.zeroGravity.AmericasVision;
				PRODUCT_NAME = "$(TARGET_NAME)";
				PROVISIONING_PROFILE_SPECIFIER = "";
				SWIFT_OBJC_BRIDGING_HEADER = "AmericasVision/plugins/AmericasVision-Bridging-Header.h";
				SWIFT_VERSION = 4.0;
				TARGETED_DEVICE_FAMILY = "1,2";
			};
			name = Release;
		};
/* End XCBuildConfiguration section */

/* Begin XCConfigurationList section */
		D46390F2207036F300C4E3DA /* Build configuration list for PBXProject "AmericasVision" */ = {
			isa = XCConfigurationList;
			buildConfigurations = (
				D4639107207036F300C4E3DA /* Debug */,
				D4639108207036F300C4E3DA /* Release */,
			);
			defaultConfigurationIsVisible = 0;
			defaultConfigurationName = Release;
		};
		D4639109207036F300C4E3DA /* Build configuration list for PBXNativeTarget "AmericasVision" */ = {
			isa = XCConfigurationList;
			buildConfigurations = (
				D463910A207036F300C4E3DA /* Debug */,
				D463910B207036F300C4E3DA /* Release */,
			);
			defaultConfigurationIsVisible = 0;
			defaultConfigurationName = Release;
		};
/* End XCConfigurationList section */
	};
	rootObject = D46390EF207036F300C4E3DA /* Project object */;
}
